{
  "name": "guideme",
  "version": "1.0.0",
  "lockfileVersion": 1,
  "requires": true,
  "dependencies": {
    "jquery": {
      "version": "3.2.1",
      "resolved": "https://registry.npmjs.org/jquery/-/jquery-3.2.1.tgz",
      "integrity": "sha1-XE2d5lKvbNCncBVKYxu6ErAVx4c=",
      "dev": true
    },
    "popper.js": {
      "version": "1.11.1",
      "resolved": "https://registry.npmjs.org/popper.js/-/popper.js-1.11.1.tgz",
      "integrity": "sha512-wwp6RVokzjO4qh86qFeTw/zEw8y0uqB1U82LWTUExBDq8EJx/8svxDXVQB2jxTjRX+J+S++tQkbWnbOuOykZFw=="
    },
    "underscore": {
      "version": "1.8.3",
      "resolved": "https://registry.npmjs.org/underscore/-/underscore-1.8.3.tgz",
      "integrity": "sha1-Tz+1OxBuYJf8+ctBCfKl6b36UCI=",
      "dev": true
    }
  }
}
